// !$*UTF8*$!
{
	archiveVersion = 1;
	classes = {
	};
	objectVersion = 55;
	objects = {

/* Begin PBXBuildFile section */
		068F09C6B867448FA796AF11 /* Pods_CICDTest_CICDTestTests.framework in Frameworks */ = {isa = PBXBuildFile; fileRef = 433A1F145A2A72EA4403F542 /* Pods_CICDTest_CICDTestTests.framework */; };
		355423E527F33CBC009693A1 /* AppDelegate.swift in Sources */ = {isa = PBXBuildFile; fileRef = 355423E427F33CBC009693A1 /* AppDelegate.swift */; };
		355423E927F33CBC009693A1 /* ViewController.swift in Sources */ = {isa = PBXBuildFile; fileRef = 355423E827F33CBC009693A1 /* ViewController.swift */; };
		355423EC27F33CBC009693A1 /* Main.storyboard in Resources */ = {isa = PBXBuildFile; fileRef = 355423EA27F33CBC009693A1 /* Main.storyboard */; };
		355423EE27F33CBE009693A1 /* Assets.xcassets in Resources */ = {isa = PBXBuildFile; fileRef = 355423ED27F33CBE009693A1 /* Assets.xcassets */; };
		355423F127F33CBE009693A1 /* LaunchScreen.storyboard in Resources */ = {isa = PBXBuildFile; fileRef = 355423EF27F33CBE009693A1 /* LaunchScreen.storyboard */; };
		355423FC27F33CBE009693A1 /* CICDTestTests.swift in Sources */ = {isa = PBXBuildFile; fileRef = 355423FB27F33CBE009693A1 /* CICDTestTests.swift */; };
		66E62596655772C01F397D40 /* Pods_CICDTest.framework in Frameworks */ = {isa = PBXBuildFile; fileRef = C9947EA9C399D281D5D2A404 /* Pods_CICDTest.framework */; };
/* End PBXBuildFile section */

/* Begin PBXContainerItemProxy section */
		355423F827F33CBE009693A1 /* PBXContainerItemProxy */ = {
			isa = PBXContainerItemProxy;
			containerPortal = 355423D927F33CBC009693A1 /* Project object */;
			proxyType = 1;
			remoteGlobalIDString = 355423E027F33CBC009693A1;
			remoteInfo = CICDTest;
		};
/* End PBXContainerItemProxy section */

/* Begin PBXFileReference section */
		124AA2A9F9EBA2F918550589 /* Pods-CICDTest.debug.xcconfig */ = {isa = PBXFileReference; includeInIndex = 1; lastKnownFileType = text.xcconfig; name = "Pods-CICDTest.debug.xcconfig"; path = "Target Support Files/Pods-CICDTest/Pods-CICDTest.debug.xcconfig"; sourceTree = "<group>"; };
		1D0AF386A3DACFA6842D3782 /* Pods-CICDTest-CICDTestTests.debug.xcconfig */ = {isa = PBXFileReference; includeInIndex = 1; lastKnownFileType = text.xcconfig; name = "Pods-CICDTest-CICDTestTests.debug.xcconfig"; path = "Target Support Files/Pods-CICDTest-CICDTestTests/Pods-CICDTest-CICDTestTests.debug.xcconfig"; sourceTree = "<group>"; };
		355423E127F33CBC009693A1 /* CICDTest.app */ = {isa = PBXFileReference; explicitFileType = wrapper.application; includeInIndex = 0; path = CICDTest.app; sourceTree = BUILT_PRODUCTS_DIR; };
		355423E427F33CBC009693A1 /* AppDelegate.swift */ = {isa = PBXFileReference; lastKnownFileType = sourcecode.swift; path = AppDelegate.swift; sourceTree = "<group>"; };
		355423E827F33CBC009693A1 /* ViewController.swift */ = {isa = PBXFileReference; lastKnownFileType = sourcecode.swift; path = ViewController.swift; sourceTree = "<group>"; };
		355423EB27F33CBC009693A1 /* Base */ = {isa = PBXFileReference; lastKnownFileType = file.storyboard; name = Base; path = Base.lproj/Main.storyboard; sourceTree = "<group>"; };
		355423ED27F33CBE009693A1 /* Assets.xcassets */ = {isa = PBXFileReference; lastKnownFileType = folder.assetcatalog; path = Assets.xcassets; sourceTree = "<group>"; };
		355423F027F33CBE009693A1 /* Base */ = {isa = PBXFileReference; lastKnownFileType = file.storyboard; name = Base; path = Base.lproj/LaunchScreen.storyboard; sourceTree = "<group>"; };
		355423F227F33CBE009693A1 /* Info.plist */ = {isa = PBXFileReference; lastKnownFileType = text.plist.xml; path = Info.plist; sourceTree = "<group>"; };
		355423F727F33CBE009693A1 /* CICDTestTests.xctest */ = {isa = PBXFileReference; explicitFileType = wrapper.cfbundle; includeInIndex = 0; path = CICDTestTests.xctest; sourceTree = BUILT_PRODUCTS_DIR; };
		355423FB27F33CBE009693A1 /* CICDTestTests.swift */ = {isa = PBXFileReference; lastKnownFileType = sourcecode.swift; path = CICDTestTests.swift; sourceTree = "<group>"; };
		385AB59BC440D3C3E7114D72 /* Pods-CICDTest-CICDTestTests.release.xcconfig */ = {isa = PBXFileReference; includeInIndex = 1; lastKnownFileType = text.xcconfig; name = "Pods-CICDTest-CICDTestTests.release.xcconfig"; path = "Target Support Files/Pods-CICDTest-CICDTestTests/Pods-CICDTest-CICDTestTests.release.xcconfig"; sourceTree = "<group>"; };
		433A1F145A2A72EA4403F542 /* Pods_CICDTest_CICDTestTests.framework */ = {isa = PBXFileReference; explicitFileType = wrapper.framework; includeInIndex = 0; path = Pods_CICDTest_CICDTestTests.framework; sourceTree = BUILT_PRODUCTS_DIR; };
		4E1709429B0B7EF88AE9B310 /* Pods_CICDTest_CICDTestUITests.framework */ = {isa = PBXFileReference; explicitFileType = wrapper.framework; includeInIndex = 0; path = Pods_CICDTest_CICDTestUITests.framework; sourceTree = BUILT_PRODUCTS_DIR; };
		4E8181A2F7EC572B96B81F18 /* Pods-CICDTest.release.xcconfig */ = {isa = PBXFileReference; includeInIndex = 1; lastKnownFileType = text.xcconfig; name = "Pods-CICDTest.release.xcconfig"; path = "Target Support Files/Pods-CICDTest/Pods-CICDTest.release.xcconfig"; sourceTree = "<group>"; };
		924DC51F912E6995149726B6 /* Pods-CICDTestTests.debug.xcconfig */ = {isa = PBXFileReference; includeInIndex = 1; lastKnownFileType = text.xcconfig; name = "Pods-CICDTestTests.debug.xcconfig"; path = "Target Support Files/Pods-CICDTestTests/Pods-CICDTestTests.debug.xcconfig"; sourceTree = "<group>"; };
		9351B7017644E2E9A1245472 /* Pods-CICDTest-CICDTestUITests.debug.xcconfig */ = {isa = PBXFileReference; includeInIndex = 1; lastKnownFileType = text.xcconfig; name = "Pods-CICDTest-CICDTestUITests.debug.xcconfig"; path = "Target Support Files/Pods-CICDTest-CICDTestUITests/Pods-CICDTest-CICDTestUITests.debug.xcconfig"; sourceTree = "<group>"; };
		C9947EA9C399D281D5D2A404 /* Pods_CICDTest.framework */ = {isa = PBXFileReference; explicitFileType = wrapper.framework; includeInIndex = 0; path = Pods_CICDTest.framework; sourceTree = BUILT_PRODUCTS_DIR; };
		DE66545DEB5EFB304EB584D8 /* Pods-CICDTest-CICDTestUITests.release.xcconfig */ = {isa = PBXFileReference; includeInIndex = 1; lastKnownFileType = text.xcconfig; name = "Pods-CICDTest-CICDTestUITests.release.xcconfig"; path = "Target Support Files/Pods-CICDTest-CICDTestUITests/Pods-CICDTest-CICDTestUITests.release.xcconfig"; sourceTree = "<group>"; };
		FCA91B2442C72AF9BF3A5E4A /* Pods-CICDTestTests.release.xcconfig */ = {isa = PBXFileReference; includeInIndex = 1; lastKnownFileType = text.xcconfig; name = "Pods-CICDTestTests.release.xcconfig"; path = "Target Support Files/Pods-CICDTestTests/Pods-CICDTestTests.release.xcconfig"; sourceTree = "<group>"; };
/* End PBXFileReference section */

/* Begin PBXFrameworksBuildPhase section */
		355423DE27F33CBC009693A1 /* Frameworks */ = {
			isa = PBXFrameworksBuildPhase;
			buildActionMask = 2147483647;
			files = (
				66E62596655772C01F397D40 /* Pods_CICDTest.framework in Frameworks */,
			);
			runOnlyForDeploymentPostprocessing = 0;
		};
		355423F427F33CBE009693A1 /* Frameworks */ = {
			isa = PBXFrameworksBuildPhase;
			buildActionMask = 2147483647;
			files = (
				068F09C6B867448FA796AF11 /* Pods_CICDTest_CICDTestTests.framework in Frameworks */,
			);
			runOnlyForDeploymentPostprocessing = 0;
		};
/* End PBXFrameworksBuildPhase section */

/* Begin PBXGroup section */
		355423D827F33CBC009693A1 = {
			isa = PBXGroup;
			children = (
				355423E327F33CBC009693A1 /* CICDTest */,
				355423FA27F33CBE009693A1 /* CICDTestTests */,
				355423E227F33CBC009693A1 /* Products */,
				CC2C770BDDF016BBBF4E0B61 /* Pods */,
				75B28C6C723B54372217FC64 /* Frameworks */,
			);
			sourceTree = "<group>";
		};
		355423E227F33CBC009693A1 /* Products */ = {
			isa = PBXGroup;
			children = (
				355423E127F33CBC009693A1 /* CICDTest.app */,
				355423F727F33CBE009693A1 /* CICDTestTests.xctest */,
			);
			name = Products;
			sourceTree = "<group>";
		};
		355423E327F33CBC009693A1 /* CICDTest */ = {
			isa = PBXGroup;
			children = (
				355423E427F33CBC009693A1 /* AppDelegate.swift */,
				355423E827F33CBC009693A1 /* ViewController.swift */,
				355423EA27F33CBC009693A1 /* Main.storyboard */,
				355423ED27F33CBE009693A1 /* Assets.xcassets */,
				355423EF27F33CBE009693A1 /* LaunchScreen.storyboard */,
				355423F227F33CBE009693A1 /* Info.plist */,
			);
			path = CICDTest;
			sourceTree = "<group>";
		};
		355423FA27F33CBE009693A1 /* CICDTestTests */ = {
			isa = PBXGroup;
			children = (
				355423FB27F33CBE009693A1 /* CICDTestTests.swift */,
			);
			path = CICDTestTests;
			sourceTree = "<group>";
		};
		75B28C6C723B54372217FC64 /* Frameworks */ = {
			isa = PBXGroup;
			children = (
				C9947EA9C399D281D5D2A404 /* Pods_CICDTest.framework */,
				4E1709429B0B7EF88AE9B310 /* Pods_CICDTest_CICDTestUITests.framework */,
				433A1F145A2A72EA4403F542 /* Pods_CICDTest_CICDTestTests.framework */,
			);
			name = Frameworks;
			sourceTree = "<group>";
		};
		CC2C770BDDF016BBBF4E0B61 /* Pods */ = {
			isa = PBXGroup;
			children = (
				124AA2A9F9EBA2F918550589 /* Pods-CICDTest.debug.xcconfig */,
				4E8181A2F7EC572B96B81F18 /* Pods-CICDTest.release.xcconfig */,
				9351B7017644E2E9A1245472 /* Pods-CICDTest-CICDTestUITests.debug.xcconfig */,
				DE66545DEB5EFB304EB584D8 /* Pods-CICDTest-CICDTestUITests.release.xcconfig */,
				924DC51F912E6995149726B6 /* Pods-CICDTestTests.debug.xcconfig */,
				FCA91B2442C72AF9BF3A5E4A /* Pods-CICDTestTests.release.xcconfig */,
				1D0AF386A3DACFA6842D3782 /* Pods-CICDTest-CICDTestTests.debug.xcconfig */,
				385AB59BC440D3C3E7114D72 /* Pods-CICDTest-CICDTestTests.release.xcconfig */,
			);
			path = Pods;
			sourceTree = "<group>";
		};
/* End PBXGroup section */

/* Begin PBXNativeTarget section */
		355423E027F33CBC009693A1 /* CICDTest */ = {
			isa = PBXNativeTarget;
			buildConfigurationList = 3554240B27F33CBE009693A1 /* Build configuration list for PBXNativeTarget "CICDTest" */;
			buildPhases = (
				601A924A9902B05D015B64DE /* [CP] Check Pods Manifest.lock */,
				355423DD27F33CBC009693A1 /* Sources */,
				355423DE27F33CBC009693A1 /* Frameworks */,
				355423DF27F33CBC009693A1 /* Resources */,
			);
			buildRules = (
			);
			dependencies = (
			);
			name = CICDTest;
			productName = CICDTest;
			productReference = 355423E127F33CBC009693A1 /* CICDTest.app */;
			productType = "com.apple.product-type.application";
		};
		355423F627F33CBE009693A1 /* CICDTestTests */ = {
			isa = PBXNativeTarget;
			buildConfigurationList = 3554240E27F33CBE009693A1 /* Build configuration list for PBXNativeTarget "CICDTestTests" */;
			buildPhases = (
				A07795A74BCF0FECE8D78F17 /* [CP] Check Pods Manifest.lock */,
				355423F327F33CBE009693A1 /* Sources */,
				355423F427F33CBE009693A1 /* Frameworks */,
				355423F527F33CBE009693A1 /* Resources */,
			);
			buildRules = (
			);
			dependencies = (
				355423F927F33CBE009693A1 /* PBXTargetDependency */,
			);
			name = CICDTestTests;
			productName = CICDTestTests;
			productReference = 355423F727F33CBE009693A1 /* CICDTestTests.xctest */;
			productType = "com.apple.product-type.bundle.unit-test";
		};
/* End PBXNativeTarget section */

/* Begin PBXProject section */
		355423D927F33CBC009693A1 /* Project object */ = {
			isa = PBXProject;
			attributes = {
				BuildIndependentTargetsInParallel = 1;
				LastSwiftUpdateCheck = 1330;
				LastUpgradeCheck = 1330;
				TargetAttributes = {
					355423E027F33CBC009693A1 = {
						CreatedOnToolsVersion = 13.3;
					};
					355423F627F33CBE009693A1 = {
						CreatedOnToolsVersion = 13.3;
						TestTargetID = 355423E027F33CBC009693A1;
					};
				};
			};
			buildConfigurationList = 355423DC27F33CBC009693A1 /* Build configuration list for PBXProject "CICDTest" */;
			compatibilityVersion = "Xcode 13.0";
			developmentRegion = en;
			hasScannedForEncodings = 0;
			knownRegions = (
				en,
				Base,
			);
			mainGroup = 355423D827F33CBC009693A1;
			productRefGroup = 355423E227F33CBC009693A1 /* Products */;
			projectDirPath = "";
			projectRoot = "";
			targets = (
				355423E027F33CBC009693A1 /* CICDTest */,
				355423F627F33CBE009693A1 /* CICDTestTests */,
			);
		};
/* End PBXProject section */

/* Begin PBXResourcesBuildPhase section */
		355423DF27F33CBC009693A1 /* Resources */ = {
			isa = PBXResourcesBuildPhase;
			buildActionMask = 2147483647;
			files = (
				355423F127F33CBE009693A1 /* LaunchScreen.storyboard in Resources */,
				355423EE27F33CBE009693A1 /* Assets.xcassets in Resources */,
				355423EC27F33CBC009693A1 /* Main.storyboard in Resources */,
			);
			runOnlyForDeploymentPostprocessing = 0;
		};
		355423F527F33CBE009693A1 /* Resources */ = {
			isa = PBXResourcesBuildPhase;
			buildActionMask = 2147483647;
			files = (
			);
			runOnlyForDeploymentPostprocessing = 0;
		};
/* End PBXResourcesBuildPhase section */

/* Begin PBXShellScriptBuildPhase section */
		601A924A9902B05D015B64DE /* [CP] Check Pods Manifest.lock */ = {
			isa = PBXShellScriptBuildPhase;
			buildActionMask = 2147483647;
			files = (
			);
			inputFileListPaths = (
			);
			inputPaths = (
				"${PODS_PODFILE_DIR_PATH}/Podfile.lock",
				"${PODS_ROOT}/Manifest.lock",
			);
			name = "[CP] Check Pods Manifest.lock";
			outputFileListPaths = (
			);
			outputPaths = (
				"$(DERIVED_FILE_DIR)/Pods-CICDTest-checkManifestLockResult.txt",
			);
			runOnlyForDeploymentPostprocessing = 0;
			shellPath = /bin/sh;
			shellScript = "diff \"${PODS_PODFILE_DIR_PATH}/Podfile.lock\" \"${PODS_ROOT}/Manifest.lock\" > /dev/null\nif [ $? != 0 ] ; then\n    # print error to STDERR\n    echo \"error: The sandbox is not in sync with the Podfile.lock. Run 'pod install' or update your CocoaPods installation.\" >&2\n    exit 1\nfi\n# This output is used by Xcode 'outputs' to avoid re-running this script phase.\necho \"SUCCESS\" > \"${SCRIPT_OUTPUT_FILE_0}\"\n";
			showEnvVarsInLog = 0;
		};
		A07795A74BCF0FECE8D78F17 /* [CP] Check Pods Manifest.lock */ = {
			isa = PBXShellScriptBuildPhase;
			buildActionMask = 2147483647;
			files = (
			);
			inputFileListPaths = (
			);
			inputPaths = (
				"${PODS_PODFILE_DIR_PATH}/Podfile.lock",
				"${PODS_ROOT}/Manifest.lock",
			);
			name = "[CP] Check Pods Manifest.lock";
			outputFileListPaths = (
			);
			outputPaths = (
				"$(DERIVED_FILE_DIR)/Pods-CICDTest-CICDTestTests-checkManifestLockResult.txt",
			);
			runOnlyForDeploymentPostprocessing = 0;
			shellPath = /bin/sh;
			shellScript = "diff \"${PODS_PODFILE_DIR_PATH}/Podfile.lock\" \"${PODS_ROOT}/Manifest.lock\" > /dev/null\nif [ $? != 0 ] ; then\n    # print error to STDERR\n    echo \"error: The sandbox is not in sync with the Podfile.lock. Run 'pod install' or update your CocoaPods installation.\" >&2\n    exit 1\nfi\n# This output is used by Xcode 'outputs' to avoid re-running this script phase.\necho \"SUCCESS\" > \"${SCRIPT_OUTPUT_FILE_0}\"\n";
			showEnvVarsInLog = 0;
		};
/* End PBXShellScriptBuildPhase section */

/* Begin PBXSourcesBuildPhase section */
		355423DD27F33CBC009693A1 /* Sources */ = {
			isa = PBXSourcesBuildPhase;
			buildActionMask = 2147483647;
			files = (
				355423E927F33CBC009693A1 /* ViewController.swift in Sources */,
				355423E527F33CBC009693A1 /* AppDelegate.swift in Sources */,
			);
			runOnlyForDeploymentPostprocessing = 0;
		};
		355423F327F33CBE009693A1 /* Sources */ = {
			isa = PBXSourcesBuildPhase;
			buildActionMask = 2147483647;
			files = (
				355423FC27F33CBE009693A1 /* CICDTestTests.swift in Sources */,
			);
			runOnlyForDeploymentPostprocessing = 0;
		};
/* End PBXSourcesBuildPhase section */

/* Begin PBXTargetDependency section */
		355423F927F33CBE009693A1 /* PBXTargetDependency */ = {
			isa = PBXTargetDependency;
			target = 355423E027F33CBC009693A1 /* CICDTest */;
			targetProxy = 355423F827F33CBE009693A1 /* PBXContainerItemProxy */;
		};
/* End PBXTargetDependency section */

/* Begin PBXVariantGroup section */
		355423EA27F33CBC009693A1 /* Main.storyboard */ = {
			isa = PBXVariantGroup;
			children = (
				355423EB27F33CBC009693A1 /* Base */,
			);
			name = Main.storyboard;
			sourceTree = "<group>";
		};
		355423EF27F33CBE009693A1 /* LaunchScreen.storyboard */ = {
			isa = PBXVariantGroup;
			children = (
				355423F027F33CBE009693A1 /* Base */,
			);
			name = LaunchScreen.storyboard;
			sourceTree = "<group>";
		};
/* End PBXVariantGroup section */

/* Begin XCBuildConfiguration section */
		3554240927F33CBE009693A1 /* Debug */ = {
			isa = XCBuildConfiguration;
			buildSettings = {
				ALWAYS_SEARCH_USER_PATHS = NO;
				CLANG_ANALYZER_NONNULL = YES;
				CLANG_ANALYZER_NUMBER_OBJECT_CONVERSION = YES_AGGRESSIVE;
				CLANG_CXX_LANGUAGE_STANDARD = "gnu++17";
				CLANG_ENABLE_MODULES = YES;
				CLANG_ENABLE_OBJC_ARC = YES;
				CLANG_ENABLE_OBJC_WEAK = YES;
				CLANG_WARN_BLOCK_CAPTURE_AUTORELEASING = YES;
				CLANG_WARN_BOOL_CONVERSION = YES;
				CLANG_WARN_COMMA = YES;
				CLANG_WARN_CONSTANT_CONVERSION = YES;
				CLANG_WARN_DEPRECATED_OBJC_IMPLEMENTATIONS = YES;
				CLANG_WARN_DIRECT_OBJC_ISA_USAGE = YES_ERROR;
				CLANG_WARN_DOCUMENTATION_COMMENTS = YES;
				CLANG_WARN_EMPTY_BODY = YES;
				CLANG_WARN_ENUM_CONVERSION = YES;
				CLANG_WARN_INFINITE_RECURSION = YES;
				CLANG_WARN_INT_CONVERSION = YES;
				CLANG_WARN_NON_LITERAL_NULL_CONVERSION = YES;
				CLANG_WARN_OBJC_IMPLICIT_RETAIN_SELF = YES;
				CLANG_WARN_OBJC_LITERAL_CONVERSION = YES;
				CLANG_WARN_OBJC_ROOT_CLASS = YES_ERROR;
				CLANG_WARN_QUOTED_INCLUDE_IN_FRAMEWORK_HEADER = YES;
				CLANG_WARN_RANGE_LOOP_ANALYSIS = YES;
				CLANG_WARN_STRICT_PROTOTYPES = YES;
				CLANG_WARN_SUSPICIOUS_MOVE = YES;
				CLANG_WARN_UNGUARDED_AVAILABILITY = YES_AGGRESSIVE;
				CLANG_WARN_UNREACHABLE_CODE = YES;
				CLANG_WARN__DUPLICATE_METHOD_MATCH = YES;
				COPY_PHASE_STRIP = NO;
				DEBUG_INFORMATION_FORMAT = dwarf;
				ENABLE_STRICT_OBJC_MSGSEND = YES;
				ENABLE_TESTABILITY = YES;
				GCC_C_LANGUAGE_STANDARD = gnu11;
				GCC_DYNAMIC_NO_PIC = NO;
				GCC_NO_COMMON_BLOCKS = YES;
				GCC_OPTIMIZATION_LEVEL = 0;
				GCC_PREPROCESSOR_DEFINITIONS = (
					"DEBUG=1",
					"$(inherited)",
				);
				GCC_WARN_64_TO_32_BIT_CONVERSION = YES;
				GCC_WARN_ABOUT_RETURN_TYPE = YES_ERROR;
				GCC_WARN_UNDECLARED_SELECTOR = YES;
				GCC_WARN_UNINITIALIZED_AUTOS = YES_AGGRESSIVE;
				GCC_WARN_UNUSED_FUNCTION = YES;
				GCC_WARN_UNUSED_VARIABLE = YES;
				IPHONEOS_DEPLOYMENT_TARGET = 15.4;
				MTL_ENABLE_DEBUG_INFO = INCLUDE_SOURCE;
				MTL_FAST_MATH = YES;
				ONLY_ACTIVE_ARCH = YES;
				SDKROOT = iphoneos;
				SWIFT_ACTIVE_COMPILATION_CONDITIONS = DEBUG;
				SWIFT_OPTIMIZATION_LEVEL = "-Onone";
			};
			name = Debug;
		};
		3554240A27F33CBE009693A1 /* Release */ = {
			isa = XCBuildConfiguration;
			buildSettings = {
				ALWAYS_SEARCH_USER_PATHS = NO;
				CLANG_ANALYZER_NONNULL = YES;
				CLANG_ANALYZER_NUMBER_OBJECT_CONVERSION = YES_AGGRESSIVE;
				CLANG_CXX_LANGUAGE_STANDARD = "gnu++17";
				CLANG_ENABLE_MODULES = YES;
				CLANG_ENABLE_OBJC_ARC = YES;
				CLANG_ENABLE_OBJC_WEAK = YES;
				CLANG_WARN_BLOCK_CAPTURE_AUTORELEASING = YES;
				CLANG_WARN_BOOL_CONVERSION = YES;
				CLANG_WARN_COMMA = YES;
				CLANG_WARN_CONSTANT_CONVERSION = YES;
				CLANG_WARN_DEPRECATED_OBJC_IMPLEMENTATIONS = YES;
				CLANG_WARN_DIRECT_OBJC_ISA_USAGE = YES_ERROR;
				CLANG_WARN_DOCUMENTATION_COMMENTS = YES;
				CLANG_WARN_EMPTY_BODY = YES;
				CLANG_WARN_ENUM_CONVERSION = YES;
				CLANG_WARN_INFINITE_RECURSION = YES;
				CLANG_WARN_INT_CONVERSION = YES;
				CLANG_WARN_NON_LITERAL_NULL_CONVERSION = YES;
				CLANG_WARN_OBJC_IMPLICIT_RETAIN_SELF = YES;
				CLANG_WARN_OBJC_LITERAL_CONVERSION = YES;
				CLANG_WARN_OBJC_ROOT_CLASS = YES_ERROR;
				CLANG_WARN_QUOTED_INCLUDE_IN_FRAMEWORK_HEADER = YES;
				CLANG_WARN_RANGE_LOOP_ANALYSIS = YES;
				CLANG_WARN_STRICT_PROTOTYPES = YES;
				CLANG_WARN_SUSPICIOUS_MOVE = YES;
				CLANG_WARN_UNGUARDED_AVAILABILITY = YES_AGGRESSIVE;
				CLANG_WARN_UNREACHABLE_CODE = YES;
				CLANG_WARN__DUPLICATE_METHOD_MATCH = YES;
				COPY_PHASE_STRIP = NO;
				DEBUG_INFORMATION_FORMAT = "dwarf-with-dsym";
				ENABLE_NS_ASSERTIONS = NO;
				ENABLE_STRICT_OBJC_MSGSEND = YES;
				GCC_C_LANGUAGE_STANDARD = gnu11;
				GCC_NO_COMMON_BLOCKS = YES;
				GCC_WARN_64_TO_32_BIT_CONVERSION = YES;
				GCC_WARN_ABOUT_RETURN_TYPE = YES_ERROR;
				GCC_WARN_UNDECLARED_SELECTOR = YES;
				GCC_WARN_UNINITIALIZED_AUTOS = YES_AGGRESSIVE;
				GCC_WARN_UNUSED_FUNCTION = YES;
				GCC_WARN_UNUSED_VARIABLE = YES;
				IPHONEOS_DEPLOYMENT_TARGET = 15.4;
				MTL_ENABLE_DEBUG_INFO = NO;
				MTL_FAST_MATH = YES;
				SDKROOT = iphoneos;
				SWIFT_COMPILATION_MODE = wholemodule;
				SWIFT_OPTIMIZATION_LEVEL = "-O";
				VALIDATE_PRODUCT = YES;
			};
			name = Release;
		};
		3554240C27F33CBE009693A1 /* Debug */ = {
			isa = XCBuildConfiguration;
			baseConfigurationReference = 124AA2A9F9EBA2F918550589 /* Pods-CICDTest.debug.xcconfig */;
			buildSettings = {
				ASSETCATALOG_COMPILER_APPICON_NAME = AppIcon;
				ASSETCATALOG_COMPILER_GLOBAL_ACCENT_COLOR_NAME = AccentColor;
				CODE_SIGN_STYLE = Automatic;
				CURRENT_PROJECT_VERSION = 1;
				DEBUG_INFORMATION_FORMAT = "dwarf-with-dsym";
				DEVELOPMENT_TEAM = F2P4X5Y727;
				GENERATE_INFOPLIST_FILE = YES;
				INFOPLIST_FILE = CICDTest/Info.plist;
				INFOPLIST_KEY_UIApplicationSupportsIndirectInputEvents = YES;
				INFOPLIST_KEY_UILaunchStoryboardName = LaunchScreen;
				INFOPLIST_KEY_UIMainStoryboardFile = Main;
				INFOPLIST_KEY_UISupportedInterfaceOrientations_iPad = "UIInterfaceOrientationPortrait UIInterfaceOrientationPortraitUpsideDown UIInterfaceOrientationLandscapeLeft UIInterfaceOrientationLandscapeRight";
				INFOPLIST_KEY_UISupportedInterfaceOrientations_iPhone = "UIInterfaceOrientationPortrait UIInterfaceOrientationLandscapeLeft UIInterfaceOrientationLandscapeRight";
				LD_RUNPATH_SEARCH_PATHS = (
					"$(inherited)",
					"@executable_path/Frameworks",
				);
				MARKETING_VERSION = 1.0.0;
				PRODUCT_BUNDLE_IDENTIFIER = dev.CICDTest;
				PRODUCT_NAME = "$(TARGET_NAME)";
				SWIFT_EMIT_LOC_STRINGS = YES;
				SWIFT_VERSION = 5.0;
				TARGETED_DEVICE_FAMILY = "1,2";
			};
			name = Debug;
		};
		3554240D27F33CBE009693A1 /* Release */ = {
			isa = XCBuildConfiguration;
			baseConfigurationReference = 4E8181A2F7EC572B96B81F18 /* Pods-CICDTest.release.xcconfig */;
			buildSettings = {
				ASSETCATALOG_COMPILER_APPICON_NAME = AppIcon;
				ASSETCATALOG_COMPILER_GLOBAL_ACCENT_COLOR_NAME = AccentColor;
				CODE_SIGN_STYLE = Automatic;
				CURRENT_PROJECT_VERSION = 1;
				DEBUG_INFORMATION_FORMAT = "dwarf-with-dsym";
				DEVELOPMENT_TEAM = F2P4X5Y727;
				GENERATE_INFOPLIST_FILE = YES;
				INFOPLIST_FILE = CICDTest/Info.plist;
				INFOPLIST_KEY_UIApplicationSupportsIndirectInputEvents = YES;
				INFOPLIST_KEY_UILaunchStoryboardName = LaunchScreen;
				INFOPLIST_KEY_UIMainStoryboardFile = Main;
				INFOPLIST_KEY_UISupportedInterfaceOrientations_iPad = "UIInterfaceOrientationPortrait UIInterfaceOrientationPortraitUpsideDown UIInterfaceOrientationLandscapeLeft UIInterfaceOrientationLandscapeRight";
				INFOPLIST_KEY_UISupportedInterfaceOrientations_iPhone = "UIInterfaceOrientationPortrait UIInterfaceOrientationLandscapeLeft UIInterfaceOrientationLandscapeRight";
				LD_RUNPATH_SEARCH_PATHS = (
					"$(inherited)",
					"@executable_path/Frameworks",
				);
				MARKETING_VERSION = 1.0.0;
				PRODUCT_BUNDLE_IDENTIFIER = dev.CICDTest;
				PRODUCT_NAME = "$(TARGET_NAME)";
				SWIFT_EMIT_LOC_STRINGS = YES;
				SWIFT_VERSION = 5.0;
				TARGETED_DEVICE_FAMILY = "1,2";
			};
			name = Release;
		};
		3554240F27F33CBE009693A1 /* Debug */ = {
			isa = XCBuildConfiguration;
			baseConfigurationReference = 1D0AF386A3DACFA6842D3782 /* Pods-CICDTest-CICDTestTests.debug.xcconfig */;
			buildSettings = {
				ALWAYS_EMBED_SWIFT_STANDARD_LIBRARIES = YES;
				BUNDLE_LOADER = "$(TEST_HOST)";
				CODE_SIGN_STYLE = Automatic;
				CURRENT_PROJECT_VERSION = 1;
				DEVELOPMENT_TEAM = F2P4X5Y727;
				GENERATE_INFOPLIST_FILE = YES;
				IPHONEOS_DEPLOYMENT_TARGET = 15.4;
				MARKETING_VERSION = 1.0;
				PRODUCT_BUNDLE_IDENTIFIER = dev.CICDTestTests;
				PRODUCT_NAME = "$(TARGET_NAME)";
				SWIFT_EMIT_LOC_STRINGS = NO;
				SWIFT_VERSION = 5.0;
				TARGETED_DEVICE_FAMILY = "1,2";
				TEST_HOST = "$(BUILT_PRODUCTS_DIR)/CICDTest.app/CICDTest";
			};
			name = Debug;
		};
		3554241027F33CBE009693A1 /* Release */ = {
			isa = XCBuildConfiguration;
			baseConfigurationReference = 385AB59BC440D3C3E7114D72 /* Pods-CICDTest-CICDTestTests.release.xcconfig */;
			buildSettings = {
				ALWAYS_EMBED_SWIFT_STANDARD_LIBRARIES = YES;
				BUNDLE_LOADER = "$(TEST_HOST)";
				CODE_SIGN_STYLE = Automatic;
				CURRENT_PROJECT_VERSION = 1;
				DEVELOPMENT_TEAM = F2P4X5Y727;
				GENERATE_INFOPLIST_FILE = YES;
				IPHONEOS_DEPLOYMENT_TARGET = 15.4;
				MARKETING_VERSION = 1.0;
				PRODUCT_BUNDLE_IDENTIFIER = dev.CICDTestTests;
				PRODUCT_NAME = "$(TARGET_NAME)";
				SWIFT_EMIT_LOC_STRINGS = NO;
				SWIFT_VERSION = 5.0;
				TARGETED_DEVICE_FAMILY = "1,2";
				TEST_HOST = "$(BUILT_PRODUCTS_DIR)/CICDTest.app/CICDTest";
			};
			name = Release;
		};
/* End XCBuildConfiguration section */

/* Begin XCConfigurationList section */
		355423DC27F33CBC009693A1 /* Build configuration list for PBXProject "CICDTest" */ = {
			isa = XCConfigurationList;
			buildConfigurations = (
				3554240927F33CBE009693A1 /* Debug */,
				3554240A27F33CBE009693A1 /* Release */,
			);
			defaultConfigurationIsVisible = 0;
			defaultConfigurationName = Release;
		};
		3554240B27F33CBE009693A1 /* Build configuration list for PBXNativeTarget "CICDTest" */ = {
			isa = XCConfigurationList;
			buildConfigurations = (
				3554240C27F33CBE009693A1 /* Debug */,
				3554240D27F33CBE009693A1 /* Release */,
			);
			defaultConfigurationIsVisible = 0;
			defaultConfigurationName = Release;
		};
		3554240E27F33CBE009693A1 /* Build configuration list for PBXNativeTarget "CICDTestTests" */ = {
			isa = XCConfigurationList;
			buildConfigurations = (
				3554240F27F33CBE009693A1 /* Debug */,
				3554241027F33CBE009693A1 /* Release */,
			);
			defaultConfigurationIsVisible = 0;
			defaultConfigurationName = Release;
		};
/* End XCConfigurationList section */
	};
	rootObject = 355423D927F33CBC009693A1 /* Project object */;
}
